
Microsoft Visual Studio Solution File, Format Version 12.00
# Visual Studio Version 16
VisualStudioVersion = 16.0.30804.86
MinimumVisualStudioVersion = 10.0.40219.1
Project("{FAE04EC0-301F-11D3-BF4B-00C04F79EFBC}") = "SalesWebMVC", "SalesWebMVC\SalesWebMVC.csproj", "{BF05E08E-C83D-4EC6-9007-3D9A17538CF2}"
EndProject
Global
	GlobalSection(SolutionConfigurationPlatforms) = preSolution
		Debug|Any CPU = Debug|Any CPU
		Release|Any CPU = Release|Any CPU
	EndGlobalSection
	GlobalSection(ProjectConfigurationPlatforms) = postSolution
		{BF05E08E-C83D-4EC6-9007-3D9A17538CF2}.Debug|Any CPU.ActiveCfg = Debug|Any CPU
		{BF05E08E-C83D-4EC6-9007-3D9A17538CF2}.Debug|Any CPU.Build.0 = Debug|Any CPU
		{BF05E08E-C83D-4EC6-9007-3D9A17538CF2}.Release|Any CPU.ActiveCfg = Release|Any CPU
		{BF05E08E-C83D-4EC6-9007-3D9A17538CF2}.Release|Any CPU.Build.0 = Release|Any CPU
	EndGlobalSection
	GlobalSection(SolutionProperties) = preSolution
		HideSolutionNode = FALSE
	EndGlobalSection
	GlobalSection(ExtensibilityGlobals) = postSolution
		SolutionGuid = {79CCDE3B-1F3A-44A2-8B97-95466FE3B4E7}
	EndGlobalSection
EndGlobal
